// !$*UTF8*$!
{
	archiveVersion = 1;
	classes = {
	};
	objectVersion = 50;
	objects = {

/* Begin PBXBuildFile section */
		AE0D8FC623A9493B006C2F48 /* AppDelegate.swift in Sources */ = {isa = PBXBuildFile; fileRef = AE0D8FC523A9493B006C2F48 /* AppDelegate.swift */; };
		AE0D8FC823A9493B006C2F48 /* SceneDelegate.swift in Sources */ = {isa = PBXBuildFile; fileRef = AE0D8FC723A9493B006C2F48 /* SceneDelegate.swift */; };
		AE0D8FCA23A9493B006C2F48 /* ViewController.swift in Sources */ = {isa = PBXBuildFile; fileRef = AE0D8FC923A9493B006C2F48 /* ViewController.swift */; };
		AE0D8FCD23A9493B006C2F48 /* Main.storyboard in Resources */ = {isa = PBXBuildFile; fileRef = AE0D8FCB23A9493B006C2F48 /* Main.storyboard */; };
		AE0D8FCF23A9493C006C2F48 /* Assets.xcassets in Resources */ = {isa = PBXBuildFile; fileRef = AE0D8FCE23A9493C006C2F48 /* Assets.xcassets */; };
		AE0D8FD223A9493C006C2F48 /* LaunchScreen.storyboard in Resources */ = {isa = PBXBuildFile; fileRef = AE0D8FD023A9493C006C2F48 /* LaunchScreen.storyboard */; };
		AE0D8FDD23A9493C006C2F48 /* Try1218Tests.swift in Sources */ = {isa = PBXBuildFile; fileRef = AE0D8FDC23A9493C006C2F48 /* Try1218Tests.swift */; };
		AE0D8FE923A949BA006C2F48 /* marker.png in Resources */ = {isa = PBXBuildFile; fileRef = AE0D8FE823A949BA006C2F48 /* marker.png */; };
/* End PBXBuildFile section */

/* Begin PBXContainerItemProxy section */
		AE0D8FD923A9493C006C2F48 /* PBXContainerItemProxy */ = {
			isa = PBXContainerItemProxy;
			containerPortal = AE0D8FBA23A9493B006C2F48 /* Project object */;
			proxyType = 1;
			remoteGlobalIDString = AE0D8FC123A9493B006C2F48;
			remoteInfo = Try1218;
		};
/* End PBXContainerItemProxy section */

/* Begin PBXFileReference section */
		AE0D8FC223A9493B006C2F48 /* Try1218.app */ = {isa = PBXFileReference; explicitFileType = wrapper.application; includeInIndex = 0; path = Try1218.app; sourceTree = BUILT_PRODUCTS_DIR; };
		AE0D8FC523A9493B006C2F48 /* AppDelegate.swift */ = {isa = PBXFileReference; lastKnownFileType = sourcecode.swift; path = AppDelegate.swift; sourceTree = "<group>"; };
		AE0D8FC723A9493B006C2F48 /* SceneDelegate.swift */ = {isa = PBXFileReference; lastKnownFileType = sourcecode.swift; path = SceneDelegate.swift; sourceTree = "<group>"; };
		AE0D8FC923A9493B006C2F48 /* ViewController.swift */ = {isa = PBXFileReference; lastKnownFileType = sourcecode.swift; path = ViewController.swift; sourceTree = "<group>"; };
		AE0D8FCC23A9493B006C2F48 /* Base */ = {isa = PBXFileReference; lastKnownFileType = file.storyboard; name = Base; path = Base.lproj/Main.storyboard; sourceTree = "<group>"; };
		AE0D8FCE23A9493C006C2F48 /* Assets.xcassets */ = {isa = PBXFileReference; lastKnownFileType = folder.assetcatalog; path = Assets.xcassets; sourceTree = "<group>"; };
		AE0D8FD123A9493C006C2F48 /* Base */ = {isa = PBXFileReference; lastKnownFileType = file.storyboard; name = Base; path = Base.lproj/LaunchScreen.storyboard; sourceTree = "<group>"; };
		AE0D8FD323A9493C006C2F48 /* Info.plist */ = {isa = PBXFileReference; lastKnownFileType = text.plist.xml; path = Info.plist; sourceTree = "<group>"; };
		AE0D8FD823A9493C006C2F48 /* Try1218Tests.xctest */ = {isa = PBXFileReference; explicitFileType = wrapper.cfbundle; includeInIndex = 0; path = Try1218Tests.xctest; sourceTree = BUILT_PRODUCTS_DIR; };
		AE0D8FDC23A9493C006C2F48 /* Try1218Tests.swift */ = {isa = PBXFileReference; lastKnownFileType = sourcecode.swift; path = Try1218Tests.swift; sourceTree = "<group>"; };
		AE0D8FDE23A9493C006C2F48 /* Info.plist */ = {isa = PBXFileReference; lastKnownFileType = text.plist.xml; path = Info.plist; sourceTree = "<group>"; };
		AE0D8FE823A949BA006C2F48 /* marker.png */ = {isa = PBXFileReference; lastKnownFileType = image.png; path = marker.png; sourceTree = "<group>"; };
/* End PBXFileReference section */

/* Begin PBXFrameworksBuildPhase section */
		AE0D8FBF23A9493B006C2F48 /* Frameworks */ = {
			isa = PBXFrameworksBuildPhase;
			buildActionMask = 2147483647;
			files = (
			);
			runOnlyForDeploymentPostprocessing = 0;
		};
		AE0D8FD523A9493C006C2F48 /* Frameworks */ = {
			isa = PBXFrameworksBuildPhase;
			buildActionMask = 2147483647;
			files = (
			);
			runOnlyForDeploymentPostprocessing = 0;
		};
/* End PBXFrameworksBuildPhase section */

/* Begin PBXGroup section */
		AE0D8FB923A9493B006C2F48 = {
			isa = PBXGroup;
			children = (
				AE0D8FC423A9493B006C2F48 /* Try1218 */,
				AE0D8FDB23A9493C006C2F48 /* Try1218Tests */,
				AE0D8FC323A9493B006C2F48 /* Products */,
			);
			sourceTree = "<group>";
		};
		AE0D8FC323A9493B006C2F48 /* Products */ = {
			isa = PBXGroup;
			children = (
				AE0D8FC223A9493B006C2F48 /* Try1218.app */,
				AE0D8FD823A9493C006C2F48 /* Try1218Tests.xctest */,
			);
			name = Products;
			sourceTree = "<group>";
		};
		AE0D8FC423A9493B006C2F48 /* Try1218 */ = {
			isa = PBXGroup;
			children = (
				AE0D8FE723A949AE006C2F48 /* resources */,
				AE0D8FC523A9493B006C2F48 /* AppDelegate.swift */,
				AE0D8FC723A9493B006C2F48 /* SceneDelegate.swift */,
				AE0D8FC923A9493B006C2F48 /* ViewController.swift */,
				AE0D8FCB23A9493B006C2F48 /* Main.storyboard */,
				AE0D8FCE23A9493C006C2F48 /* Assets.xcassets */,
				AE0D8FD023A9493C006C2F48 /* LaunchScreen.storyboard */,
				AE0D8FD323A9493C006C2F48 /* Info.plist */,
			);
			path = Try1218;
			sourceTree = "<group>";
		};
		AE0D8FDB23A9493C006C2F48 /* Try1218Tests */ = {
			isa = PBXGroup;
			children = (
				AE0D8FDC23A9493C006C2F48 /* Try1218Tests.swift */,
				AE0D8FDE23A9493C006C2F48 /* Info.plist */,
			);
			path = Try1218Tests;
			sourceTree = "<group>";
		};
		AE0D8FE723A949AE006C2F48 /* resources */ = {
			isa = PBXGroup;
			children = (
				AE0D8FE823A949BA006C2F48 /* marker.png */,
			);
			path = resources;
			sourceTree = "<group>";
		};
/* End PBXGroup section */

/* Begin PBXNativeTarget section */
		AE0D8FC123A9493B006C2F48 /* Try1218 */ = {
			isa = PBXNativeTarget;
			buildConfigurationList = AE0D8FE123A9493C006C2F48 /* Build configuration list for PBXNativeTarget "Try1218" */;
			buildPhases = (
				AE0D8FBE23A9493B006C2F48 /* Sources */,
				AE0D8FBF23A9493B006C2F48 /* Frameworks */,
				AE0D8FC023A9493B006C2F48 /* Resources */,
			);
			buildRules = (
			);
			dependencies = (
			);
			name = Try1218;
			productName = Try1218;
			productReference = AE0D8FC223A9493B006C2F48 /* Try1218.app */;
			productType = "com.apple.product-type.application";
		};
		AE0D8FD723A9493C006C2F48 /* Try1218Tests */ = {
			isa = PBXNativeTarget;
			buildConfigurationList = AE0D8FE423A9493C006C2F48 /* Build configuration list for PBXNativeTarget "Try1218Tests" */;
			buildPhases = (
				AE0D8FD423A9493C006C2F48 /* Sources */,
				AE0D8FD523A9493C006C2F48 /* Frameworks */,
				AE0D8FD623A9493C006C2F48 /* Resources */,
			);
			buildRules = (
			);
			dependencies = (
				AE0D8FDA23A9493C006C2F48 /* PBXTargetDependency */,
			);
			name = Try1218Tests;
			productName = Try1218Tests;
			productReference = AE0D8FD823A9493C006C2F48 /* Try1218Tests.xctest */;
			productType = "com.apple.product-type.bundle.unit-test";
		};
/* End PBXNativeTarget section */

/* Begin PBXProject section */
		AE0D8FBA23A9493B006C2F48 /* Project object */ = {
			isa = PBXProject;
			attributes = {
				LastSwiftUpdateCheck = 1120;
				LastUpgradeCheck = 1120;
				ORGANIZATIONNAME = Yun;
				TargetAttributes = {
					AE0D8FC123A9493B006C2F48 = {
						CreatedOnToolsVersion = 11.2.1;
					};
					AE0D8FD723A9493C006C2F48 = {
						CreatedOnToolsVersion = 11.2.1;
						TestTargetID = AE0D8FC123A9493B006C2F48;
					};
				};
			};
			buildConfigurationList = AE0D8FBD23A9493B006C2F48 /* Build configuration list for PBXProject "Try1218" */;
			compatibilityVersion = "Xcode 9.3";
			developmentRegion = en;
			hasScannedForEncodings = 0;
			knownRegions = (
				en,
				Base,
			);
			mainGroup = AE0D8FB923A9493B006C2F48;
			productRefGroup = AE0D8FC323A9493B006C2F48 /* Products */;
			projectDirPath = "";
			projectRoot = "";
			targets = (
				AE0D8FC123A9493B006C2F48 /* Try1218 */,
				AE0D8FD723A9493C006C2F48 /* Try1218Tests */,
			);
		};
/* End PBXProject section */

/* Begin PBXResourcesBuildPhase section */
		AE0D8FC023A9493B006C2F48 /* Resources */ = {
			isa = PBXResourcesBuildPhase;
			buildActionMask = 2147483647;
			files = (
				AE0D8FD223A9493C006C2F48 /* LaunchScreen.storyboard in Resources */,
				AE0D8FCF23A9493C006C2F48 /* Assets.xcassets in Resources */,
				AE0D8FCD23A9493B006C2F48 /* Main.storyboard in Resources */,
				AE0D8FE923A949BA006C2F48 /* marker.png in Resources */,
			);
			runOnlyForDeploymentPostprocessing = 0;
		};
		AE0D8FD623A9493C006C2F48 /* Resources */ = {
			isa = PBXResourcesBuildPhase;
			buildActionMask = 2147483647;
			files = (
			);
			runOnlyForDeploymentPostprocessing = 0;
		};
/* End PBXResourcesBuildPhase section */

/* Begin PBXSourcesBuildPhase section */
		AE0D8FBE23A9493B006C2F48 /* Sources */ = {
			isa = PBXSourcesBuildPhase;
			buildActionMask = 2147483647;
			files = (
				AE0D8FCA23A9493B006C2F48 /* ViewController.swift in Sources */,
				AE0D8FC623A9493B006C2F48 /* AppDelegate.swift in Sources */,
				AE0D8FC823A9493B006C2F48 /* SceneDelegate.swift in Sources */,
			);
			runOnlyForDeploymentPostprocessing = 0;
		};
		AE0D8FD423A9493C006C2F48 /* Sources */ = {
			isa = PBXSourcesBuildPhase;
			buildActionMask = 2147483647;
			files = (
				AE0D8FDD23A9493C006C2F48 /* Try1218Tests.swift in Sources */,
			);
			runOnlyForDeploymentPostprocessing = 0;
		};
/* End PBXSourcesBuildPhase section */

/* Begin PBXTargetDependency section */
		AE0D8FDA23A9493C006C2F48 /* PBXTargetDependency */ = {
			isa = PBXTargetDependency;
			target = AE0D8FC123A9493B006C2F48 /* Try1218 */;
			targetProxy = AE0D8FD923A9493C006C2F48 /* PBXContainerItemProxy */;
		};
/* End PBXTargetDependency section */

/* Begin PBXVariantGroup section */
		AE0D8FCB23A9493B006C2F48 /* Main.storyboard */ = {
			isa = PBXVariantGroup;
			children = (
				AE0D8FCC23A9493B006C2F48 /* Base */,
			);
			name = Main.storyboard;
			sourceTree = "<group>";
		};
		AE0D8FD023A9493C006C2F48 /* LaunchScreen.storyboard */ = {
			isa = PBXVariantGroup;
			children = (
				AE0D8FD123A9493C006C2F48 /* Base */,
			);
			name = LaunchScreen.storyboard;
			sourceTree = "<group>";
		};
/* End PBXVariantGroup section */

/* Begin XCBuildConfiguration section */
		AE0D8FDF23A9493C006C2F48 /* Debug */ = {
			isa = XCBuildConfiguration;
			buildSettings = {
				ALWAYS_SEARCH_USER_PATHS = NO;
				CLANG_ANALYZER_NONNULL = YES;
				CLANG_ANALYZER_NUMBER_OBJECT_CONVERSION = YES_AGGRESSIVE;
				CLANG_CXX_LANGUAGE_STANDARD = "gnu++14";
				CLANG_CXX_LIBRARY = "libc++";
				CLANG_ENABLE_MODULES = YES;
				CLANG_ENABLE_OBJC_ARC = YES;
				CLANG_ENABLE_OBJC_WEAK = YES;
				CLANG_WARN_BLOCK_CAPTURE_AUTORELEASING = YES;
				CLANG_WARN_BOOL_CONVERSION = YES;
				CLANG_WARN_COMMA = YES;
				CLANG_WARN_CONSTANT_CONVERSION = YES;
				CLANG_WARN_DEPRECATED_OBJC_IMPLEMENTATIONS = YES;
				CLANG_WARN_DIRECT_OBJC_ISA_USAGE = YES_ERROR;
				CLANG_WARN_DOCUMENTATION_COMMENTS = YES;
				CLANG_WARN_EMPTY_BODY = YES;
				CLANG_WARN_ENUM_CONVERSION = YES;
				CLANG_WARN_INFINITE_RECURSION = YES;
				CLANG_WARN_INT_CONVERSION = YES;
				CLANG_WARN_NON_LITERAL_NULL_CONVERSION = YES;
				CLANG_WARN_OBJC_IMPLICIT_RETAIN_SELF = YES;
				CLANG_WARN_OBJC_LITERAL_CONVERSION = YES;
				CLANG_WARN_OBJC_ROOT_CLASS = YES_ERROR;
				CLANG_WARN_RANGE_LOOP_ANALYSIS = YES;
				CLANG_WARN_STRICT_PROTOTYPES = YES;
				CLANG_WARN_SUSPICIOUS_MOVE = YES;
				CLANG_WARN_UNGUARDED_AVAILABILITY = YES_AGGRESSIVE;
				CLANG_WARN_UNREACHABLE_CODE = YES;
				CLANG_WARN__DUPLICATE_METHOD_MATCH = YES;
				COPY_PHASE_STRIP = NO;
				DEBUG_INFORMATION_FORMAT = dwarf;
				ENABLE_STRICT_OBJC_MSGSEND = YES;
				ENABLE_TESTABILITY = YES;
				GCC_C_LANGUAGE_STANDARD = gnu11;
				GCC_DYNAMIC_NO_PIC = NO;
				GCC_NO_COMMON_BLOCKS = YES;
				GCC_OPTIMIZATION_LEVEL = 0;
				GCC_PREPROCESSOR_DEFINITIONS = (
					"DEBUG=1",
					"$(inherited)",
				);
				GCC_WARN_64_TO_32_BIT_CONVERSION = YES;
				GCC_WARN_ABOUT_RETURN_TYPE = YES_ERROR;
				GCC_WARN_UNDECLARED_SELECTOR = YES;
				GCC_WARN_UNINITIALIZED_AUTOS = YES_AGGRESSIVE;
				GCC_WARN_UNUSED_FUNCTION = YES;
				GCC_WARN_UNUSED_VARIABLE = YES;
				IPHONEOS_DEPLOYMENT_TARGET = 13.2;
				MTL_ENABLE_DEBUG_INFO = INCLUDE_SOURCE;
				MTL_FAST_MATH = YES;
				ONLY_ACTIVE_ARCH = YES;
				SDKROOT = iphoneos;
				SWIFT_ACTIVE_COMPILATION_CONDITIONS = DEBUG;
				SWIFT_OPTIMIZATION_LEVEL = "-Onone";
			};
			name = Debug;
		};
		AE0D8FE023A9493C006C2F48 /* Release */ = {
			isa = XCBuildConfiguration;
			buildSettings = {
				ALWAYS_SEARCH_USER_PATHS = NO;
				CLANG_ANALYZER_NONNULL = YES;
				CLANG_ANALYZER_NUMBER_OBJECT_CONVERSION = YES_AGGRESSIVE;
				CLANG_CXX_LANGUAGE_STANDARD = "gnu++14";
				CLANG_CXX_LIBRARY = "libc++";
				CLANG_ENABLE_MODULES = YES;
				CLANG_ENABLE_OBJC_ARC = YES;
				CLANG_ENABLE_OBJC_WEAK = YES;
				CLANG_WARN_BLOCK_CAPTURE_AUTORELEASING = YES;
				CLANG_WARN_BOOL_CONVERSION = YES;
				CLANG_WARN_COMMA = YES;
				CLANG_WARN_CONSTANT_CONVERSION = YES;
				CLANG_WARN_DEPRECATED_OBJC_IMPLEMENTATIONS = YES;
				CLANG_WARN_DIRECT_OBJC_ISA_USAGE = YES_ERROR;
				CLANG_WARN_DOCUMENTATION_COMMENTS = YES;
				CLANG_WARN_EMPTY_BODY = YES;
				CLANG_WARN_ENUM_CONVERSION = YES;
				CLANG_WARN_INFINITE_RECURSION = YES;
				CLANG_WARN_INT_CONVERSION = YES;
				CLANG_WARN_NON_LITERAL_NULL_CONVERSION = YES;
				CLANG_WARN_OBJC_IMPLICIT_RETAIN_SELF = YES;
				CLANG_WARN_OBJC_LITERAL_CONVERSION = YES;
				CLANG_WARN_OBJC_ROOT_CLASS = YES_ERROR;
				CLANG_WARN_RANGE_LOOP_ANALYSIS = YES;
				CLANG_WARN_STRICT_PROTOTYPES = YES;
				CLANG_WARN_SUSPICIOUS_MOVE = YES;
				CLANG_WARN_UNGUARDED_AVAILABILITY = YES_AGGRESSIVE;
				CLANG_WARN_UNREACHABLE_CODE = YES;
				CLANG_WARN__DUPLICATE_METHOD_MATCH = YES;
				COPY_PHASE_STRIP = NO;
				DEBUG_INFORMATION_FORMAT = "dwarf-with-dsym";
				ENABLE_NS_ASSERTIONS = NO;
				ENABLE_STRICT_OBJC_MSGSEND = YES;
				GCC_C_LANGUAGE_STANDARD = gnu11;
				GCC_NO_COMMON_BLOCKS = YES;
				GCC_WARN_64_TO_32_BIT_CONVERSION = YES;
				GCC_WARN_ABOUT_RETURN_TYPE = YES_ERROR;
				GCC_WARN_UNDECLARED_SELECTOR = YES;
				GCC_WARN_UNINITIALIZED_AUTOS = YES_AGGRESSIVE;
				GCC_WARN_UNUSED_FUNCTION = YES;
				GCC_WARN_UNUSED_VARIABLE = YES;
				IPHONEOS_DEPLOYMENT_TARGET = 13.2;
				MTL_ENABLE_DEBUG_INFO = NO;
				MTL_FAST_MATH = YES;
				SDKROOT = iphoneos;
				SWIFT_COMPILATION_MODE = wholemodule;
				SWIFT_OPTIMIZATION_LEVEL = "-O";
				VALIDATE_PRODUCT = YES;
			};
			name = Release;
		};
		AE0D8FE223A9493C006C2F48 /* Debug */ = {
			isa = XCBuildConfiguration;
			buildSettings = {
				ASSETCATALOG_COMPILER_APPICON_NAME = AppIcon;
				CODE_SIGN_STYLE = Automatic;
				DEVELOPMENT_TEAM = 3AM59KV22L;
				INFOPLIST_FILE = Try1218/Info.plist;
				LD_RUNPATH_SEARCH_PATHS = (
					"$(inherited)",
					"@executable_path/Frameworks",
				);
				PRODUCT_BUNDLE_IDENTIFIER = com.yun.Try1218;
				PRODUCT_NAME = "$(TARGET_NAME)";
				SWIFT_VERSION = 5.0;
				TARGETED_DEVICE_FAMILY = "1,2";
			};
			name = Debug;
		};
		AE0D8FE323A9493C006C2F48 /* Release */ = {
			isa = XCBuildConfiguration;
			buildSettings = {
				ASSETCATALOG_COMPILER_APPICON_NAME = AppIcon;
				CODE_SIGN_STYLE = Automatic;
				DEVELOPMENT_TEAM = 3AM59KV22L;
				INFOPLIST_FILE = Try1218/Info.plist;
				LD_RUNPATH_SEARCH_PATHS = (
					"$(inherited)",
					"@executable_path/Frameworks",
				);
				PRODUCT_BUNDLE_IDENTIFIER = com.yun.Try1218;
				PRODUCT_NAME = "$(TARGET_NAME)";
				SWIFT_VERSION = 5.0;
				TARGETED_DEVICE_FAMILY = "1,2";
			};
			name = Release;
		};
		AE0D8FE523A9493C006C2F48 /* Debug */ = {
			isa = XCBuildConfiguration;
			buildSettings = {
				ALWAYS_EMBED_SWIFT_STANDARD_LIBRARIES = YES;
				BUNDLE_LOADER = "$(TEST_HOST)";
				CODE_SIGN_STYLE = Automatic;
				DEVELOPMENT_TEAM = 3AM59KV22L;
				INFOPLIST_FILE = Try1218Tests/Info.plist;
				IPHONEOS_DEPLOYMENT_TARGET = 13.2;
				LD_RUNPATH_SEARCH_PATHS = (
					"$(inherited)",
					"@executable_path/Frameworks",
					"@loader_path/Frameworks",
				);
				PRODUCT_BUNDLE_IDENTIFIER = com.yun.Try1218Tests;
				PRODUCT_NAME = "$(TARGET_NAME)";
				SWIFT_VERSION = 5.0;
				TARGETED_DEVICE_FAMILY = "1,2";
				TEST_HOST = "$(BUILT_PRODUCTS_DIR)/Try1218.app/Try1218";
			};
			name = Debug;
		};
		AE0D8FE623A9493C006C2F48 /* Release */ = {
			isa = XCBuildConfiguration;
			buildSettings = {
				ALWAYS_EMBED_SWIFT_STANDARD_LIBRARIES = YES;
				BUNDLE_LOADER = "$(TEST_HOST)";
				CODE_SIGN_STYLE = Automatic;
				DEVELOPMENT_TEAM = 3AM59KV22L;
				INFOPLIST_FILE = Try1218Tests/Info.plist;
				IPHONEOS_DEPLOYMENT_TARGET = 13.2;
				LD_RUNPATH_SEARCH_PATHS = (
					"$(inherited)",
					"@executable_path/Frameworks",
					"@loader_path/Frameworks",
				);
				PRODUCT_BUNDLE_IDENTIFIER = com.yun.Try1218Tests;
				PRODUCT_NAME = "$(TARGET_NAME)";
				SWIFT_VERSION = 5.0;
				TARGETED_DEVICE_FAMILY = "1,2";
				TEST_HOST = "$(BUILT_PRODUCTS_DIR)/Try1218.app/Try1218";
			};
			name = Release;
		};
/* End XCBuildConfiguration section */

/* Begin XCConfigurationList section */
		AE0D8FBD23A9493B006C2F48 /* Build configuration list for PBXProject "Try1218" */ = {
			isa = XCConfigurationList;
			buildConfigurations = (
				AE0D8FDF23A9493C006C2F48 /* Debug */,
				AE0D8FE023A9493C006C2F48 /* Release */,
			);
			defaultConfigurationIsVisible = 0;
			defaultConfigurationName = Release;
		};
		AE0D8FE123A9493C006C2F48 /* Build configuration list for PBXNativeTarget "Try1218" */ = {
			isa = XCConfigurationList;
			buildConfigurations = (
				AE0D8FE223A9493C006C2F48 /* Debug */,
				AE0D8FE323A9493C006C2F48 /* Release */,
			);
			defaultConfigurationIsVisible = 0;
			defaultConfigurationName = Release;
		};
		AE0D8FE423A9493C006C2F48 /* Build configuration list for PBXNativeTarget "Try1218Tests" */ = {
			isa = XCConfigurationList;
			buildConfigurations = (
				AE0D8FE523A9493C006C2F48 /* Debug */,
				AE0D8FE623A9493C006C2F48 /* Release */,
			);
			defaultConfigurationIsVisible = 0;
			defaultConfigurationName = Release;
		};
/* End XCConfigurationList section */
	};
	rootObject = AE0D8FBA23A9493B006C2F48 /* Project object */;
}
